{
  "name": "migration-ng",
  "version": "4.1.0",
  "lockfileVersion": 1,
  "requires": true,
  "dependencies": {
    "cordova-plugin-device": {
      "version": "2.0.2",
      "resolved": "https://registry.npmjs.org/cordova-plugin-device/-/cordova-plugin-device-2.0.2.tgz",
      "integrity": "sha1-/Ajzci5n7ve2xnv8mag99q3Quro=",
      "dev": true
    },
    "cordova-plugin-fcm": {
      "version": "2.1.2",
      "resolved": "https://registry.npmjs.org/cordova-plugin-fcm/-/cordova-plugin-fcm-2.1.2.tgz",
      "integrity": "sha1-Xy98EsFlVtIdMCHn062J4hWCV0c="
    },
    "cordova-plugin-ionic-keyboard": {
      "version": "2.2.0",
      "resolved": "https://registry.npmjs.org/cordova-plugin-ionic-keyboard/-/cordova-plugin-ionic-keyboard-2.2.0.tgz",
      "integrity": "sha512-yDUG+9ieKVRitq5mGlNxjaZh/MgEhFFIgTIPhqSbUaQ8UuZbawy5mhJAVClqY97q8/rcQtL6dCDa7x2sEtCLcA==",
      "dev": true
    },
    "cordova-plugin-ionic-webview": {
      "version": "4.1.3",
      "resolved": "https://registry.npmjs.org/cordova-plugin-ionic-webview/-/cordova-plugin-ionic-webview-4.1.3.tgz",
      "integrity": "sha512-hlrUF0kLjjEkZmpYlLJO0NnXmVjMmQ3MOZVXm1ytDihLPKHklYCOpCvjA5Wz3hJrPD1shFEsqi/SPnp873AsdQ==",
      "dev": true
    },
    "cordova-plugin-splashscreen": {
      "version": "5.0.2",
      "resolved": "https://registry.npmjs.org/cordova-plugin-splashscreen/-/cordova-plugin-splashscreen-5.0.2.tgz",
      "integrity": "sha1-dH509W4gHNWFvGLRS8oZ9oZ/8e0=",
      "dev": true
    },
    "cordova-plugin-statusbar": {
      "version": "2.4.2",
      "resolved": "https://registry.npmjs.org/cordova-plugin-statusbar/-/cordova-plugin-statusbar-2.4.2.tgz",
      "integrity": "sha1-/B+9wNjXAzp+jh8ff/FnrJvU+vY=",
      "dev": true
    },
    "cordova-plugin-whitelist": {
      "version": "1.3.3",
      "resolved": "https://registry.npmjs.org/cordova-plugin-whitelist/-/cordova-plugin-whitelist-1.3.3.tgz",
      "integrity": "sha1-tehezbv+Wu3tQKG/TuI3LmfZb7Q=",
      "dev": true
    }
  }
}
